
Microsoft Visual Studio Solution File, Format Version 11.00
# Visual Studio 2010
Project("{FAE04EC0-301F-11D3-BF4B-00C04F79EFBC}") = "RescueReceiving", "RescueReceiving.csproj", "{18182454-9C00-445E-BA55-C9B772123C28}"
EndProject
Project("{FAE04EC0-301F-11D3-BF4B-00C04F79EFBC}") = "RRDataLayer", "..\RRDataLayer\RRDataLayer.csproj", "{8346E8C9-5B23-4541-A6F7-CD6AEC843140}"
EndProject
Global
	GlobalSection(SolutionConfigurationPlatforms) = preSolution
		Debug|Any CPU = Debug|Any CPU
		Release|Any CPU = Release|Any CPU
	EndGlobalSection
	GlobalSection(ProjectConfigurationPlatforms) = postSolution
		{18182454-9C00-445E-BA55-C9B772123C28}.Debug|Any CPU.ActiveCfg = Debug|Any CPU
		{18182454-9C00-445E-BA55-C9B772123C28}.Debug|Any CPU.Build.0 = Debug|Any CPU
		{18182454-9C00-445E-BA55-C9B772123C28}.Release|Any CPU.ActiveCfg = Release|Any CPU
		{18182454-9C00-445E-BA55-C9B772123C28}.Release|Any CPU.Build.0 = Release|Any CPU
		{8346E8C9-5B23-4541-A6F7-CD6AEC843140}.Debug|Any CPU.ActiveCfg = Debug|Any CPU
		{8346E8C9-5B23-4541-A6F7-CD6AEC843140}.Debug|Any CPU.Build.0 = Debug|Any CPU
		{8346E8C9-5B23-4541-A6F7-CD6AEC843140}.Release|Any CPU.ActiveCfg = Release|Any CPU
		{8346E8C9-5B23-4541-A6F7-CD6AEC843140}.Release|Any CPU.Build.0 = Release|Any CPU
	EndGlobalSection
	GlobalSection(SolutionProperties) = preSolution
		HideSolutionNode = FALSE
	EndGlobalSection
EndGlobal
